Microsoft Visual Studio Solution File, Format Version 12.00
# Visual Studio Version 17
VisualStudioVersion = 17.5.2.0
MinimumVisualStudioVersion = 10.0.40219.1
Project("{FAE04EC0-301F-11D3-BF4B-00C04F79EFBC}") = "FamilyReunionApp", "FamilyReunionApp.csproj", "{90F8F2E8-A25A-9F57-2565-E5DD91750515}"
EndProject
Project("{FAE04EC0-301F-11D3-BF4B-00C04F79EFBC}") = "FamilyReunionAppTests", "../FamilyReunionAppTests\FamilyReunionAppTests.csproj", "{1FA5D948-FB8F-452C-8E99-3C8958541D41}"
EndProject
Global
	GlobalSection(SolutionConfigurationPlatforms) = preSolution
		Debug|Any CPU = Debug|Any CPU
		Release|Any CPU = Release|Any CPU
	EndGlobalSection
	GlobalSection(ProjectConfigurationPlatforms) = postSolution
		{90F8F2E8-A25A-9F57-2565-E5DD91750515}.Debug|Any CPU.ActiveCfg = Debug|Any CPU
		{90F8F2E8-A25A-9F57-2565-E5DD91750515}.Debug|Any CPU.Build.0 = Debug|Any CPU
		{90F8F2E8-A25A-9F57-2565-E5DD91750515}.Release|Any CPU.ActiveCfg = Release|Any CPU
		{90F8F2E8-A25A-9F57-2565-E5DD91750515}.Release|Any CPU.Build.0 = Release|Any CPU
		{1FA5D948-FB8F-452C-8E99-3C8958541D41}.Debug|Any CPU.ActiveCfg = Debug|Any CPU
		{1FA5D948-FB8F-452C-8E99-3C8958541D41}.Debug|Any CPU.Build.0 = Debug|Any CPU
		{1FA5D948-FB8F-452C-8E99-3C8958541D41}.Release|Any CPU.ActiveCfg = Release|Any CPU
		{1FA5D948-FB8F-452C-8E99-3C8958541D41}.Release|Any CPU.Build.0 = Release|Any CPU
	EndGlobalSection
	GlobalSection(SolutionProperties) = preSolution
		HideSolutionNode = FALSE
	EndGlobalSection
	GlobalSection(ExtensibilityGlobals) = postSolution
		SolutionGuid = {6C1A9D63-5265-4A15-AFF0-1D508D3C3F87}
	EndGlobalSection
EndGlobal
